PODS:
  - Alamofire (5.0.0-rc.2)
  - AlamofireObjectMapper (6.2.0):
    - Alamofire (= 5.0.0-rc.2)
    - ObjectMapper (~> 3.5.1)
  - Charts (3.4.0):
    - Charts/Core (= 3.4.0)
  - Charts/Core (3.4.0)
  - ObjectMapper (3.5.1)

DEPENDENCIES:
  - Alamofire
  - AlamofireObjectMapper
  - Charts

SPEC REPOS:
  trunk:
    - Alamofire
    - AlamofireObjectMapper
    - Charts
    - ObjectMapper

SPEC CHECKSUMS:
  Alamofire: f9450d3c7f6bea2ad62e7a541c3e9b186c7991d6
  AlamofireObjectMapper: 74d1440c92c42bbcc2b5f4dc81654ac095ec669f
  Charts: 74c9f256eaf0460c0c416522d1cf8c634ea6b286
  ObjectMapper: 70187b8941977c62ccfb423caf6b50be405cabf0

PODFILE CHECKSUM: 5fe9e172006a7adcb7c45a921a49a3d572bb2b68

COCOAPODS: 1.8.4
